
Microsoft Visual Studio Solution File, Format Version 12.00
# Visual Studio 15
VisualStudioVersion = 15.0.28010.2019
MinimumVisualStudioVersion = 10.0.40219.1
Project("{FAE04EC0-301F-11D3-BF4B-00C04F79EFBC}") = "QFXamApp", "QFXamApp\QFXamApp\QFXamApp.csproj", "{EDBA7442-1394-4003-859F-593D625B07F1}"
EndProject
Project("{FAE04EC0-301F-11D3-BF4B-00C04F79EFBC}") = "QFXamApp.Android", "QFXamApp\QFXamApp.Android\QFXamApp.Android.csproj", "{F5A48F3F-F67A-47B3-9D52-3242586C4F0D}"
EndProject
Project("{FAE04EC0-301F-11D3-BF4B-00C04F79EFBC}") = "QFXamApp.iOS", "QFXamApp\QFXamApp.iOS\QFXamApp.iOS.csproj", "{6D513A1A-B50E-42F8-94E0-5290606E3292}"
EndProject
Project("{FAE04EC0-301F-11D3-BF4B-00C04F79EFBC}") = "QFXamApp.UWP", "QFXamApp\QFXamApp.UWP\QFXamApp.UWP.csproj", "{76069FA5-331C-4EF2-84BC-20631123278A}"
EndProject
Global
	GlobalSection(SolutionConfigurationPlatforms) = preSolution
		Ad-Hoc|Any CPU = Ad-Hoc|Any CPU
		Ad-Hoc|ARM = Ad-Hoc|ARM
		Ad-Hoc|iPhone = Ad-Hoc|iPhone
		Ad-Hoc|iPhoneSimulator = Ad-Hoc|iPhoneSimulator
		Ad-Hoc|x64 = Ad-Hoc|x64
		Ad-Hoc|x86 = Ad-Hoc|x86
		AppStore|Any CPU = AppStore|Any CPU
		AppStore|ARM = AppStore|ARM
		AppStore|iPhone = AppStore|iPhone
		AppStore|iPhoneSimulator = AppStore|iPhoneSimulator
		AppStore|x64 = AppStore|x64
		AppStore|x86 = AppStore|x86
		Debug|Any CPU = Debug|Any CPU
		Debug|ARM = Debug|ARM
		Debug|iPhone = Debug|iPhone
		Debug|iPhoneSimulator = Debug|iPhoneSimulator
		Debug|x64 = Debug|x64
		Debug|x86 = Debug|x86
		Release|Any CPU = Release|Any CPU
		Release|ARM = Release|ARM
		Release|iPhone = Release|iPhone
		Release|iPhoneSimulator = Release|iPhoneSimulator
		Release|x64 = Release|x64
		Release|x86 = Release|x86
	EndGlobalSection
	GlobalSection(ProjectConfigurationPlatforms) = postSolution
		{EDBA7442-1394-4003-859F-593D625B07F1}.Ad-Hoc|Any CPU.ActiveCfg = Debug|Any CPU
		{EDBA7442-1394-4003-859F-593D625B07F1}.Ad-Hoc|Any CPU.Build.0 = Debug|Any CPU
		{EDBA7442-1394-4003-859F-593D625B07F1}.Ad-Hoc|ARM.ActiveCfg = Debug|Any CPU
		{EDBA7442-1394-4003-859F-593D625B07F1}.Ad-Hoc|ARM.Build.0 = Debug|Any CPU
		{EDBA7442-1394-4003-859F-593D625B07F1}.Ad-Hoc|iPhone.ActiveCfg = Debug|Any CPU
		{EDBA7442-1394-4003-859F-593D625B07F1}.Ad-Hoc|iPhone.Build.0 = Debug|Any CPU
		{EDBA7442-1394-4003-859F-593D625B07F1}.Ad-Hoc|iPhoneSimulator.ActiveCfg = Debug|Any CPU
		{EDBA7442-1394-4003-859F-593D625B07F1}.Ad-Hoc|iPhoneSimulator.Build.0 = Debug|Any CPU
		{EDBA7442-1394-4003-859F-593D625B07F1}.Ad-Hoc|x64.ActiveCfg = Debug|Any CPU
		{EDBA7442-1394-4003-859F-593D625B07F1}.Ad-Hoc|x64.Build.0 = Debug|Any CPU
		{EDBA7442-1394-4003-859F-593D625B07F1}.Ad-Hoc|x86.ActiveCfg = Debug|Any CPU
		{EDBA7442-1394-4003-859F-593D625B07F1}.Ad-Hoc|x86.Build.0 = Debug|Any CPU
		{EDBA7442-1394-4003-859F-593D625B07F1}.AppStore|Any CPU.ActiveCfg = Debug|Any CPU
		{EDBA7442-1394-4003-859F-593D625B07F1}.AppStore|Any CPU.Build.0 = Debug|Any CPU
		{EDBA7442-1394-4003-859F-593D625B07F1}.AppStore|ARM.ActiveCfg = Debug|Any CPU
		{EDBA7442-1394-4003-859F-593D625B07F1}.AppStore|ARM.Build.0 = Debug|Any CPU
		{EDBA7442-1394-4003-859F-593D625B07F1}.AppStore|iPhone.ActiveCfg = Debug|Any CPU
		{EDBA7442-1394-4003-859F-593D625B07F1}.AppStore|iPhone.Build.0 = Debug|Any CPU
		{EDBA7442-1394-4003-859F-593D625B07F1}.AppStore|iPhoneSimulator.ActiveCfg = Debug|Any CPU
		{EDBA7442-1394-4003-859F-593D625B07F1}.AppStore|iPhoneSimulator.Build.0 = Debug|Any CPU
		{EDBA7442-1394-4003-859F-593D625B07F1}.AppStore|x64.ActiveCfg = Debug|Any CPU
		{EDBA7442-1394-4003-859F-593D625B07F1}.AppStore|x64.Build.0 = Debug|Any CPU
		{EDBA7442-1394-4003-859F-593D625B07F1}.AppStore|x86.ActiveCfg = Debug|Any CPU
		{EDBA7442-1394-4003-859F-593D625B07F1}.AppStore|x86.Build.0 = Debug|Any CPU
		{EDBA7442-1394-4003-859F-593D625B07F1}.Debug|Any CPU.ActiveCfg = Debug|Any CPU
		{EDBA7442-1394-4003-859F-593D625B07F1}.Debug|Any CPU.Build.0 = Debug|Any CPU
		{EDBA7442-1394-4003-859F-593D625B07F1}.Debug|ARM.ActiveCfg = Debug|Any CPU
		{EDBA7442-1394-4003-859F-593D625B07F1}.Debug|ARM.Build.0 = Debug|Any CPU
		{EDBA7442-1394-4003-859F-593D625B07F1}.Debug|iPhone.ActiveCfg = Debug|Any CPU
		{EDBA7442-1394-4003-859F-593D625B07F1}.Debug|iPhone.Build.0 = Debug|Any CPU
		{EDBA7442-1394-4003-859F-593D625B07F1}.Debug|iPhoneSimulator.ActiveCfg = Debug|Any CPU
		{EDBA7442-1394-4003-859F-593D625B07F1}.Debug|iPhoneSimulator.Build.0 = Debug|Any CPU
		{EDBA7442-1394-4003-859F-593D625B07F1}.Debug|x64.ActiveCfg = Debug|Any CPU
		{EDBA7442-1394-4003-859F-593D625B07F1}.Debug|x64.Build.0 = Debug|Any CPU
		{EDBA7442-1394-4003-859F-593D625B07F1}.Debug|x86.ActiveCfg = Debug|Any CPU
		{EDBA7442-1394-4003-859F-593D625B07F1}.Debug|x86.Build.0 = Debug|Any CPU
		{EDBA7442-1394-4003-859F-593D625B07F1}.Release|Any CPU.ActiveCfg = Release|Any CPU
		{EDBA7442-1394-4003-859F-593D625B07F1}.Release|Any CPU.Build.0 = Release|Any CPU
		{EDBA7442-1394-4003-859F-593D625B07F1}.Release|ARM.ActiveCfg = Release|Any CPU
		{EDBA7442-1394-4003-859F-593D625B07F1}.Release|ARM.Build.0 = Release|Any CPU
		{EDBA7442-1394-4003-859F-593D625B07F1}.Release|iPhone.ActiveCfg = Release|Any CPU
		{EDBA7442-1394-4003-859F-593D625B07F1}.Release|iPhone.Build.0 = Release|Any CPU
		{EDBA7442-1394-4003-859F-593D625B07F1}.Release|iPhoneSimulator.ActiveCfg = Release|Any CPU
		{EDBA7442-1394-4003-859F-593D625B07F1}.Release|iPhoneSimulator.Build.0 = Release|Any CPU
		{EDBA7442-1394-4003-859F-593D625B07F1}.Release|x64.ActiveCfg = Release|Any CPU
		{EDBA7442-1394-4003-859F-593D625B07F1}.Release|x64.Build.0 = Release|Any CPU
		{EDBA7442-1394-4003-859F-593D625B07F1}.Release|x86.ActiveCfg = Release|Any CPU
		{EDBA7442-1394-4003-859F-593D625B07F1}.Release|x86.Build.0 = Release|Any CPU
		{F5A48F3F-F67A-47B3-9D52-3242586C4F0D}.Ad-Hoc|Any CPU.ActiveCfg = Release|Any CPU
		{F5A48F3F-F67A-47B3-9D52-3242586C4F0D}.Ad-Hoc|Any CPU.Build.0 = Release|Any CPU
		{F5A48F3F-F67A-47B3-9D52-3242586C4F0D}.Ad-Hoc|Any CPU.Deploy.0 = Release|Any CPU
		{F5A48F3F-F67A-47B3-9D52-3242586C4F0D}.Ad-Hoc|ARM.ActiveCfg = Release|Any CPU
		{F5A48F3F-F67A-47B3-9D52-3242586C4F0D}.Ad-Hoc|ARM.Build.0 = Release|Any CPU
		{F5A48F3F-F67A-47B3-9D52-3242586C4F0D}.Ad-Hoc|ARM.Deploy.0 = Release|Any CPU
		{F5A48F3F-F67A-47B3-9D52-3242586C4F0D}.Ad-Hoc|iPhone.ActiveCfg = Release|Any CPU
		{F5A48F3F-F67A-47B3-9D52-3242586C4F0D}.Ad-Hoc|iPhone.Build.0 = Release|Any CPU
		{F5A48F3F-F67A-47B3-9D52-3242586C4F0D}.Ad-Hoc|iPhone.Deploy.0 = Release|Any CPU
		{F5A48F3F-F67A-47B3-9D52-3242586C4F0D}.Ad-Hoc|iPhoneSimulator.ActiveCfg = Release|Any CPU
		{F5A48F3F-F67A-47B3-9D52-3242586C4F0D}.Ad-Hoc|iPhoneSimulator.Build.0 = Release|Any CPU
		{F5A48F3F-F67A-47B3-9D52-3242586C4F0D}.Ad-Hoc|iPhoneSimulator.Deploy.0 = Release|Any CPU
		{F5A48F3F-F67A-47B3-9D52-3242586C4F0D}.Ad-Hoc|x64.ActiveCfg = Release|Any CPU
		{F5A48F3F-F67A-47B3-9D52-3242586C4F0D}.Ad-Hoc|x64.Build.0 = Release|Any CPU
		{F5A48F3F-F67A-47B3-9D52-3242586C4F0D}.Ad-Hoc|x64.Deploy.0 = Release|Any CPU
		{F5A48F3F-F67A-47B3-9D52-3242586C4F0D}.Ad-Hoc|x86.ActiveCfg = Release|Any CPU
		{F5A48F3F-F67A-47B3-9D52-3242586C4F0D}.Ad-Hoc|x86.Build.0 = Release|Any CPU
		{F5A48F3F-F67A-47B3-9D52-3242586C4F0D}.Ad-Hoc|x86.Deploy.0 = Release|Any CPU
		{F5A48F3F-F67A-47B3-9D52-3242586C4F0D}.AppStore|Any CPU.ActiveCfg = Release|Any CPU
		{F5A48F3F-F67A-47B3-9D52-3242586C4F0D}.AppStore|Any CPU.Build.0 = Release|Any CPU
		{F5A48F3F-F67A-47B3-9D52-3242586C4F0D}.AppStore|Any CPU.Deploy.0 = Release|Any CPU
		{F5A48F3F-F67A-47B3-9D52-3242586C4F0D}.AppStore|ARM.ActiveCfg = Release|Any CPU
		{F5A48F3F-F67A-47B3-9D52-3242586C4F0D}.AppStore|ARM.Build.0 = Release|Any CPU
		{F5A48F3F-F67A-47B3-9D52-3242586C4F0D}.AppStore|ARM.Deploy.0 = Release|Any CPU
		{F5A48F3F-F67A-47B3-9D52-3242586C4F0D}.AppStore|iPhone.ActiveCfg = Release|Any CPU
		{F5A48F3F-F67A-47B3-9D52-3242586C4F0D}.AppStore|iPhone.Build.0 = Release|Any CPU
		{F5A48F3F-F67A-47B3-9D52-3242586C4F0D}.AppStore|iPhone.Deploy.0 = Release|Any CPU
		{F5A48F3F-F67A-47B3-9D52-3242586C4F0D}.AppStore|iPhoneSimulator.ActiveCfg = Release|Any CPU
		{F5A48F3F-F67A-47B3-9D52-3242586C4F0D}.AppStore|iPhoneSimulator.Build.0 = Release|Any CPU
		{F5A48F3F-F67A-47B3-9D52-3242586C4F0D}.AppStore|iPhoneSimulator.Deploy.0 = Release|Any CPU
		{F5A48F3F-F67A-47B3-9D52-3242586C4F0D}.AppStore|x64.ActiveCfg = Release|Any CPU
		{F5A48F3F-F67A-47B3-9D52-3242586C4F0D}.AppStore|x64.Build.0 = Release|Any CPU
		{F5A48F3F-F67A-47B3-9D52-3242586C4F0D}.AppStore|x64.Deploy.0 = Release|Any CPU
		{F5A48F3F-F67A-47B3-9D52-3242586C4F0D}.AppStore|x86.ActiveCfg = Release|Any CPU
		{F5A48F3F-F67A-47B3-9D52-3242586C4F0D}.AppStore|x86.Build.0 = Release|Any CPU
		{F5A48F3F-F67A-47B3-9D52-3242586C4F0D}.AppStore|x86.Deploy.0 = Release|Any CPU
		{F5A48F3F-F67A-47B3-9D52-3242586C4F0D}.Debug|Any CPU.ActiveCfg = Debug|Any CPU
		{F5A48F3F-F67A-47B3-9D52-3242586C4F0D}.Debug|Any CPU.Build.0 = Debug|Any CPU
		{F5A48F3F-F67A-47B3-9D52-3242586C4F0D}.Debug|Any CPU.Deploy.0 = Debug|Any CPU
		{F5A48F3F-F67A-47B3-9D52-3242586C4F0D}.Debug|ARM.ActiveCfg = Debug|Any CPU
		{F5A48F3F-F67A-47B3-9D52-3242586C4F0D}.Debug|ARM.Build.0 = Debug|Any CPU
		{F5A48F3F-F67A-47B3-9D52-3242586C4F0D}.Debug|ARM.Deploy.0 = Debug|Any CPU
		{F5A48F3F-F67A-47B3-9D52-3242586C4F0D}.Debug|iPhone.ActiveCfg = Debug|Any CPU
		{F5A48F3F-F67A-47B3-9D52-3242586C4F0D}.Debug|iPhone.Build.0 = Debug|Any CPU
		{F5A48F3F-F67A-47B3-9D52-3242586C4F0D}.Debug|iPhone.Deploy.0 = Debug|Any CPU
		{F5A48F3F-F67A-47B3-9D52-3242586C4F0D}.Debug|iPhoneSimulator.ActiveCfg = Debug|Any CPU
		{F5A48F3F-F67A-47B3-9D52-3242586C4F0D}.Debug|iPhoneSimulator.Build.0 = Debug|Any CPU
		{F5A48F3F-F67A-47B3-9D52-3242586C4F0D}.Debug|iPhoneSimulator.Deploy.0 = Debug|Any CPU
		{F5A48F3F-F67A-47B3-9D52-3242586C4F0D}.Debug|x64.ActiveCfg = Debug|Any CPU
		{F5A48F3F-F67A-47B3-9D52-3242586C4F0D}.Debug|x64.Build.0 = Debug|Any CPU
		{F5A48F3F-F67A-47B3-9D52-3242586C4F0D}.Debug|x64.Deploy.0 = Debug|Any CPU
		{F5A48F3F-F67A-47B3-9D52-3242586C4F0D}.Debug|x86.ActiveCfg = Debug|Any CPU
		{F5A48F3F-F67A-47B3-9D52-3242586C4F0D}.Debug|x86.Build.0 = Debug|Any CPU
		{F5A48F3F-F67A-47B3-9D52-3242586C4F0D}.Debug|x86.Deploy.0 = Debug|Any CPU
		{F5A48F3F-F67A-47B3-9D52-3242586C4F0D}.Release|Any CPU.ActiveCfg = Release|Any CPU
		{F5A48F3F-F67A-47B3-9D52-3242586C4F0D}.Release|Any CPU.Build.0 = Release|Any CPU
		{F5A48F3F-F67A-47B3-9D52-3242586C4F0D}.Release|Any CPU.Deploy.0 = Release|Any CPU
		{F5A48F3F-F67A-47B3-9D52-3242586C4F0D}.Release|ARM.ActiveCfg = Release|Any CPU
		{F5A48F3F-F67A-47B3-9D52-3242586C4F0D}.Release|ARM.Build.0 = Release|Any CPU
		{F5A48F3F-F67A-47B3-9D52-3242586C4F0D}.Release|ARM.Deploy.0 = Release|Any CPU
		{F5A48F3F-F67A-47B3-9D52-3242586C4F0D}.Release|iPhone.ActiveCfg = Release|Any CPU
		{F5A48F3F-F67A-47B3-9D52-3242586C4F0D}.Release|iPhone.Build.0 = Release|Any CPU
		{F5A48F3F-F67A-47B3-9D52-3242586C4F0D}.Release|iPhone.Deploy.0 = Release|Any CPU
		{F5A48F3F-F67A-47B3-9D52-3242586C4F0D}.Release|iPhoneSimulator.ActiveCfg = Release|Any CPU
		{F5A48F3F-F67A-47B3-9D52-3242586C4F0D}.Release|iPhoneSimulator.Build.0 = Release|Any CPU
		{F5A48F3F-F67A-47B3-9D52-3242586C4F0D}.Release|iPhoneSimulator.Deploy.0 = Release|Any CPU
		{F5A48F3F-F67A-47B3-9D52-3242586C4F0D}.Release|x64.ActiveCfg = Release|Any CPU
		{F5A48F3F-F67A-47B3-9D52-3242586C4F0D}.Release|x64.Build.0 = Release|Any CPU
		{F5A48F3F-F67A-47B3-9D52-3242586C4F0D}.Release|x64.Deploy.0 = Release|Any CPU
		{F5A48F3F-F67A-47B3-9D52-3242586C4F0D}.Release|x86.ActiveCfg = Release|Any CPU
		{F5A48F3F-F67A-47B3-9D52-3242586C4F0D}.Release|x86.Build.0 = Release|Any CPU
		{F5A48F3F-F67A-47B3-9D52-3242586C4F0D}.Release|x86.Deploy.0 = Release|Any CPU
		{6D513A1A-B50E-42F8-94E0-5290606E3292}.Ad-Hoc|Any CPU.ActiveCfg = Ad-Hoc|iPhone
		{6D513A1A-B50E-42F8-94E0-5290606E3292}.Ad-Hoc|ARM.ActiveCfg = Ad-Hoc|iPhone
		{6D513A1A-B50E-42F8-94E0-5290606E3292}.Ad-Hoc|iPhone.ActiveCfg = Ad-Hoc|iPhone
		{6D513A1A-B50E-42F8-94E0-5290606E3292}.Ad-Hoc|iPhone.Build.0 = Ad-Hoc|iPhone
		{6D513A1A-B50E-42F8-94E0-5290606E3292}.Ad-Hoc|iPhoneSimulator.ActiveCfg = Ad-Hoc|iPhoneSimulator
		{6D513A1A-B50E-42F8-94E0-5290606E3292}.Ad-Hoc|iPhoneSimulator.Build.0 = Ad-Hoc|iPhoneSimulator
		{6D513A1A-B50E-42F8-94E0-5290606E3292}.Ad-Hoc|x64.ActiveCfg = Ad-Hoc|iPhone
		{6D513A1A-B50E-42F8-94E0-5290606E3292}.Ad-Hoc|x86.ActiveCfg = Ad-Hoc|iPhone
		{6D513A1A-B50E-42F8-94E0-5290606E3292}.AppStore|Any CPU.ActiveCfg = AppStore|iPhone
		{6D513A1A-B50E-42F8-94E0-5290606E3292}.AppStore|ARM.ActiveCfg = AppStore|iPhone
		{6D513A1A-B50E-42F8-94E0-5290606E3292}.AppStore|iPhone.ActiveCfg = AppStore|iPhone
		{6D513A1A-B50E-42F8-94E0-5290606E3292}.AppStore|iPhone.Build.0 = AppStore|iPhone
		{6D513A1A-B50E-42F8-94E0-5290606E3292}.AppStore|iPhoneSimulator.ActiveCfg = AppStore|iPhoneSimulator
		{6D513A1A-B50E-42F8-94E0-5290606E3292}.AppStore|iPhoneSimulator.Build.0 = AppStore|iPhoneSimulator
		{6D513A1A-B50E-42F8-94E0-5290606E3292}.AppStore|x64.ActiveCfg = AppStore|iPhone
		{6D513A1A-B50E-42F8-94E0-5290606E3292}.AppStore|x86.ActiveCfg = AppStore|iPhone
		{6D513A1A-B50E-42F8-94E0-5290606E3292}.Debug|Any CPU.ActiveCfg = Debug|iPhone
		{6D513A1A-B50E-42F8-94E0-5290606E3292}.Debug|ARM.ActiveCfg = Debug|iPhone
		{6D513A1A-B50E-42F8-94E0-5290606E3292}.Debug|iPhone.ActiveCfg = Debug|iPhone
		{6D513A1A-B50E-42F8-94E0-5290606E3292}.Debug|iPhone.Build.0 = Debug|iPhone
		{6D513A1A-B50E-42F8-94E0-5290606E3292}.Debug|iPhoneSimulator.ActiveCfg = Debug|iPhoneSimulator
		{6D513A1A-B50E-42F8-94E0-5290606E3292}.Debug|iPhoneSimulator.Build.0 = Debug|iPhoneSimulator
		{6D513A1A-B50E-42F8-94E0-5290606E3292}.Debug|x64.ActiveCfg = Debug|iPhone
		{6D513A1A-B50E-42F8-94E0-5290606E3292}.Debug|x86.ActiveCfg = Debug|iPhone
		{6D513A1A-B50E-42F8-94E0-5290606E3292}.Release|Any CPU.ActiveCfg = Release|iPhone
		{6D513A1A-B50E-42F8-94E0-5290606E3292}.Release|ARM.ActiveCfg = Release|iPhone
		{6D513A1A-B50E-42F8-94E0-5290606E3292}.Release|iPhone.ActiveCfg = Release|iPhone
		{6D513A1A-B50E-42F8-94E0-5290606E3292}.Release|iPhone.Build.0 = Release|iPhone
		{6D513A1A-B50E-42F8-94E0-5290606E3292}.Release|iPhoneSimulator.ActiveCfg = Release|iPhoneSimulator
		{6D513A1A-B50E-42F8-94E0-5290606E3292}.Release|iPhoneSimulator.Build.0 = Release|iPhoneSimulator
		{6D513A1A-B50E-42F8-94E0-5290606E3292}.Release|x64.ActiveCfg = Release|iPhone
		{6D513A1A-B50E-42F8-94E0-5290606E3292}.Release|x86.ActiveCfg = Release|iPhone
		{76069FA5-331C-4EF2-84BC-20631123278A}.Ad-Hoc|Any CPU.ActiveCfg = Release|x86
		{76069FA5-331C-4EF2-84BC-20631123278A}.Ad-Hoc|Any CPU.Build.0 = Release|x86
		{76069FA5-331C-4EF2-84BC-20631123278A}.Ad-Hoc|Any CPU.Deploy.0 = Release|x86
		{76069FA5-331C-4EF2-84BC-20631123278A}.Ad-Hoc|ARM.ActiveCfg = Release|ARM
		{76069FA5-331C-4EF2-84BC-20631123278A}.Ad-Hoc|ARM.Build.0 = Release|ARM
		{76069FA5-331C-4EF2-84BC-20631123278A}.Ad-Hoc|ARM.Deploy.0 = Release|ARM
		{76069FA5-331C-4EF2-84BC-20631123278A}.Ad-Hoc|iPhone.ActiveCfg = Release|x86
		{76069FA5-331C-4EF2-84BC-20631123278A}.Ad-Hoc|iPhone.Build.0 = Release|x86
		{76069FA5-331C-4EF2-84BC-20631123278A}.Ad-Hoc|iPhone.Deploy.0 = Release|x86
		{76069FA5-331C-4EF2-84BC-20631123278A}.Ad-Hoc|iPhoneSimulator.ActiveCfg = Release|x86
		{76069FA5-331C-4EF2-84BC-20631123278A}.Ad-Hoc|iPhoneSimulator.Build.0 = Release|x86
		{76069FA5-331C-4EF2-84BC-20631123278A}.Ad-Hoc|iPhoneSimulator.Deploy.0 = Release|x86
		{76069FA5-331C-4EF2-84BC-20631123278A}.Ad-Hoc|x64.ActiveCfg = Release|x64
		{76069FA5-331C-4EF2-84BC-20631123278A}.Ad-Hoc|x64.Build.0 = Release|x64
		{76069FA5-331C-4EF2-84BC-20631123278A}.Ad-Hoc|x64.Deploy.0 = Release|x64
		{76069FA5-331C-4EF2-84BC-20631123278A}.Ad-Hoc|x86.ActiveCfg = Release|x86
		{76069FA5-331C-4EF2-84BC-20631123278A}.Ad-Hoc|x86.Build.0 = Release|x86
		{76069FA5-331C-4EF2-84BC-20631123278A}.Ad-Hoc|x86.Deploy.0 = Release|x86
		{76069FA5-331C-4EF2-84BC-20631123278A}.AppStore|Any CPU.ActiveCfg = Release|x86
		{76069FA5-331C-4EF2-84BC-20631123278A}.AppStore|Any CPU.Build.0 = Release|x86
		{76069FA5-331C-4EF2-84BC-20631123278A}.AppStore|Any CPU.Deploy.0 = Release|x86
		{76069FA5-331C-4EF2-84BC-20631123278A}.AppStore|ARM.ActiveCfg = Release|ARM
		{76069FA5-331C-4EF2-84BC-20631123278A}.AppStore|ARM.Build.0 = Release|ARM
		{76069FA5-331C-4EF2-84BC-20631123278A}.AppStore|ARM.Deploy.0 = Release|ARM
		{76069FA5-331C-4EF2-84BC-20631123278A}.AppStore|iPhone.ActiveCfg = Release|x86
		{76069FA5-331C-4EF2-84BC-20631123278A}.AppStore|iPhone.Build.0 = Release|x86
		{76069FA5-331C-4EF2-84BC-20631123278A}.AppStore|iPhone.Deploy.0 = Release|x86
		{76069FA5-331C-4EF2-84BC-20631123278A}.AppStore|iPhoneSimulator.ActiveCfg = Release|x86
		{76069FA5-331C-4EF2-84BC-20631123278A}.AppStore|iPhoneSimulator.Build.0 = Release|x86
		{76069FA5-331C-4EF2-84BC-20631123278A}.AppStore|iPhoneSimulator.Deploy.0 = Release|x86
		{76069FA5-331C-4EF2-84BC-20631123278A}.AppStore|x64.ActiveCfg = Release|x64
		{76069FA5-331C-4EF2-84BC-20631123278A}.AppStore|x64.Build.0 = Release|x64
		{76069FA5-331C-4EF2-84BC-20631123278A}.AppStore|x64.Deploy.0 = Release|x64
		{76069FA5-331C-4EF2-84BC-20631123278A}.AppStore|x86.ActiveCfg = Release|x86
		{76069FA5-331C-4EF2-84BC-20631123278A}.AppStore|x86.Build.0 = Release|x86
		{76069FA5-331C-4EF2-84BC-20631123278A}.AppStore|x86.Deploy.0 = Release|x86
		{76069FA5-331C-4EF2-84BC-20631123278A}.Debug|Any CPU.ActiveCfg = Debug|x86
		{76069FA5-331C-4EF2-84BC-20631123278A}.Debug|ARM.ActiveCfg = Debug|ARM
		{76069FA5-331C-4EF2-84BC-20631123278A}.Debug|ARM.Build.0 = Debug|ARM
		{76069FA5-331C-4EF2-84BC-20631123278A}.Debug|ARM.Deploy.0 = Debug|ARM
		{76069FA5-331C-4EF2-84BC-20631123278A}.Debug|iPhone.ActiveCfg = Debug|x86
		{76069FA5-331C-4EF2-84BC-20631123278A}.Debug|iPhoneSimulator.ActiveCfg = Debug|x86
		{76069FA5-331C-4EF2-84BC-20631123278A}.Debug|x64.ActiveCfg = Debug|x64
		{76069FA5-331C-4EF2-84BC-20631123278A}.Debug|x64.Build.0 = Debug|x64
		{76069FA5-331C-4EF2-84BC-20631123278A}.Debug|x64.Deploy.0 = Debug|x64
		{76069FA5-331C-4EF2-84BC-20631123278A}.Debug|x86.ActiveCfg = Debug|x86
		{76069FA5-331C-4EF2-84BC-20631123278A}.Debug|x86.Build.0 = Debug|x86
		{76069FA5-331C-4EF2-84BC-20631123278A}.Debug|x86.Deploy.0 = Debug|x86
		{76069FA5-331C-4EF2-84BC-20631123278A}.Release|Any CPU.ActiveCfg = Release|x86
		{76069FA5-331C-4EF2-84BC-20631123278A}.Release|ARM.ActiveCfg = Release|ARM
		{76069FA5-331C-4EF2-84BC-20631123278A}.Release|ARM.Build.0 = Release|ARM
		{76069FA5-331C-4EF2-84BC-20631123278A}.Release|ARM.Deploy.0 = Release|ARM
		{76069FA5-331C-4EF2-84BC-20631123278A}.Release|iPhone.ActiveCfg = Release|x86
		{76069FA5-331C-4EF2-84BC-20631123278A}.Release|iPhoneSimulator.ActiveCfg = Release|x86
		{76069FA5-331C-4EF2-84BC-20631123278A}.Release|x64.ActiveCfg = Release|x64
		{76069FA5-331C-4EF2-84BC-20631123278A}.Release|x64.Build.0 = Release|x64
		{76069FA5-331C-4EF2-84BC-20631123278A}.Release|x64.Deploy.0 = Release|x64
		{76069FA5-331C-4EF2-84BC-20631123278A}.Release|x86.ActiveCfg = Release|x86
		{76069FA5-331C-4EF2-84BC-20631123278A}.Release|x86.Build.0 = Release|x86
		{76069FA5-331C-4EF2-84BC-20631123278A}.Release|x86.Deploy.0 = Release|x86
	EndGlobalSection
	GlobalSection(SolutionProperties) = preSolution
		HideSolutionNode = FALSE
	EndGlobalSection
	GlobalSection(ExtensibilityGlobals) = postSolution
		SolutionGuid = {CB1B42FF-0233-4098-BA8F-E3F6FBD10DED}
	EndGlobalSection
EndGlobal
